// !$*UTF8*$!
{
	archiveVersion = 1;
	classes = {
	};
	objectVersion = 56;
	objects = {

/* Begin PBXBuildFile section */
		D203E25A2AC59EED00816BB7 /* LeaveReviewVC.swift in Sources */ = {isa = PBXBuildFile; fileRef = D203E2592AC59EED00816BB7 /* LeaveReviewVC.swift */; };
		D21048652ACAF1800044352B /* Validator.swift in Sources */ = {isa = PBXBuildFile; fileRef = D21048642ACAF1800044352B /* Validator.swift */; };
		D25A2A212AC358990043B154 /* DetailVC.swift in Sources */ = {isa = PBXBuildFile; fileRef = D25A2A202AC358990043B154 /* DetailVC.swift */; };
		D2650FBF2AC1AD9600264934 /* Movie.swift in Sources */ = {isa = PBXBuildFile; fileRef = D2650FBE2AC1AD9600264934 /* Movie.swift */; };
		D2650FC22AC1C18C00264934 /* Feedback.swift in Sources */ = {isa = PBXBuildFile; fileRef = D2650FC12AC1C18C00264934 /* Feedback.swift */; };
		D2650FC42AC1C39100264934 /* MoviesDataManager.swift in Sources */ = {isa = PBXBuildFile; fileRef = D2650FC32AC1C39100264934 /* MoviesDataManager.swift */; };
		D2650FC92AC1C7EB00264934 /* MovieCell.swift in Sources */ = {isa = PBXBuildFile; fileRef = D2650FC72AC1C7EB00264934 /* MovieCell.swift */; };
		D2650FCA2AC1C7EB00264934 /* MovieCell.xib in Resources */ = {isa = PBXBuildFile; fileRef = D2650FC82AC1C7EB00264934 /* MovieCell.xib */; };
		D2650FCC2AC1C84F00264934 /* MovieTableVC.swift in Sources */ = {isa = PBXBuildFile; fileRef = D2650FCB2AC1C84F00264934 /* MovieTableVC.swift */; };
		D2650FD12AC1D19500264934 /* Category.swift in Sources */ = {isa = PBXBuildFile; fileRef = D2650FD02AC1D19500264934 /* Category.swift */; };
		D2D27C1A2AC1ABC200665E74 /* AppDelegate.swift in Sources */ = {isa = PBXBuildFile; fileRef = D2D27C192AC1ABC200665E74 /* AppDelegate.swift */; };
		D2D27C1C2AC1ABC200665E74 /* SceneDelegate.swift in Sources */ = {isa = PBXBuildFile; fileRef = D2D27C1B2AC1ABC200665E74 /* SceneDelegate.swift */; };
		D2D27C212AC1ABC200665E74 /* Movies.storyboard in Resources */ = {isa = PBXBuildFile; fileRef = D2D27C1F2AC1ABC200665E74 /* Movies.storyboard */; };
		D2D27C232AC1ABC400665E74 /* Assets.xcassets in Resources */ = {isa = PBXBuildFile; fileRef = D2D27C222AC1ABC400665E74 /* Assets.xcassets */; };
		D2D27C262AC1ABC400665E74 /* LaunchScreen.storyboard in Resources */ = {isa = PBXBuildFile; fileRef = D2D27C242AC1ABC400665E74 /* LaunchScreen.storyboard */; };
		D2DCEBA82AC2FBE400FFE21A /* MovieImages.swift in Sources */ = {isa = PBXBuildFile; fileRef = D2DCEBA72AC2FBE400FFE21A /* MovieImages.swift */; };
		D2E7C7682ACBED4400608FE8 /* ReviewCell.swift in Sources */ = {isa = PBXBuildFile; fileRef = D2E7C7672ACBED4400608FE8 /* ReviewCell.swift */; };
		D2E7C76A2ACBF1F700608FE8 /* ReviewsTableVC.swift in Sources */ = {isa = PBXBuildFile; fileRef = D2E7C7692ACBF1F700608FE8 /* ReviewsTableVC.swift */; };
/* End PBXBuildFile section */

/* Begin PBXFileReference section */
		D203E2592AC59EED00816BB7 /* LeaveReviewVC.swift */ = {isa = PBXFileReference; lastKnownFileType = sourcecode.swift; path = LeaveReviewVC.swift; sourceTree = "<group>"; };
		D21048642ACAF1800044352B /* Validator.swift */ = {isa = PBXFileReference; lastKnownFileType = sourcecode.swift; path = Validator.swift; sourceTree = "<group>"; };
		D25A2A202AC358990043B154 /* DetailVC.swift */ = {isa = PBXFileReference; lastKnownFileType = sourcecode.swift; path = DetailVC.swift; sourceTree = "<group>"; };
		D2650FBE2AC1AD9600264934 /* Movie.swift */ = {isa = PBXFileReference; lastKnownFileType = sourcecode.swift; path = Movie.swift; sourceTree = "<group>"; };
		D2650FC12AC1C18C00264934 /* Feedback.swift */ = {isa = PBXFileReference; lastKnownFileType = sourcecode.swift; path = Feedback.swift; sourceTree = "<group>"; };
		D2650FC32AC1C39100264934 /* MoviesDataManager.swift */ = {isa = PBXFileReference; lastKnownFileType = sourcecode.swift; path = MoviesDataManager.swift; sourceTree = "<group>"; };
		D2650FC72AC1C7EB00264934 /* MovieCell.swift */ = {isa = PBXFileReference; lastKnownFileType = sourcecode.swift; path = MovieCell.swift; sourceTree = "<group>"; };
		D2650FC82AC1C7EB00264934 /* MovieCell.xib */ = {isa = PBXFileReference; lastKnownFileType = file.xib; path = MovieCell.xib; sourceTree = "<group>"; };
		D2650FCB2AC1C84F00264934 /* MovieTableVC.swift */ = {isa = PBXFileReference; lastKnownFileType = sourcecode.swift; path = MovieTableVC.swift; sourceTree = "<group>"; };
		D2650FD02AC1D19500264934 /* Category.swift */ = {isa = PBXFileReference; lastKnownFileType = sourcecode.swift; path = Category.swift; sourceTree = "<group>"; };
		D2D27C162AC1ABC200665E74 /* MovieApp.app */ = {isa = PBXFileReference; explicitFileType = wrapper.application; includeInIndex = 0; path = MovieApp.app; sourceTree = BUILT_PRODUCTS_DIR; };
		D2D27C192AC1ABC200665E74 /* AppDelegate.swift */ = {isa = PBXFileReference; lastKnownFileType = sourcecode.swift; path = AppDelegate.swift; sourceTree = "<group>"; };
		D2D27C1B2AC1ABC200665E74 /* SceneDelegate.swift */ = {isa = PBXFileReference; lastKnownFileType = sourcecode.swift; path = SceneDelegate.swift; sourceTree = "<group>"; };
		D2D27C202AC1ABC200665E74 /* Base */ = {isa = PBXFileReference; lastKnownFileType = file.storyboard; name = Base; path = Base.lproj/Movies.storyboard; sourceTree = "<group>"; };
		D2D27C222AC1ABC400665E74 /* Assets.xcassets */ = {isa = PBXFileReference; lastKnownFileType = folder.assetcatalog; path = Assets.xcassets; sourceTree = "<group>"; };
		D2D27C252AC1ABC400665E74 /* Base */ = {isa = PBXFileReference; lastKnownFileType = file.storyboard; name = Base; path = Base.lproj/LaunchScreen.storyboard; sourceTree = "<group>"; };
		D2D27C272AC1ABC400665E74 /* Info.plist */ = {isa = PBXFileReference; lastKnownFileType = text.plist.xml; path = Info.plist; sourceTree = "<group>"; };
		D2DCEBA72AC2FBE400FFE21A /* MovieImages.swift */ = {isa = PBXFileReference; lastKnownFileType = sourcecode.swift; path = MovieImages.swift; sourceTree = "<group>"; };
		D2E7C7672ACBED4400608FE8 /* ReviewCell.swift */ = {isa = PBXFileReference; lastKnownFileType = sourcecode.swift; path = ReviewCell.swift; sourceTree = "<group>"; };
		D2E7C7692ACBF1F700608FE8 /* ReviewsTableVC.swift */ = {isa = PBXFileReference; lastKnownFileType = sourcecode.swift; path = ReviewsTableVC.swift; sourceTree = "<group>"; };
/* End PBXFileReference section */

/* Begin PBXFrameworksBuildPhase section */
		D2D27C132AC1ABC200665E74 /* Frameworks */ = {
			isa = PBXFrameworksBuildPhase;
			buildActionMask = 2147483647;
			files = (
			);
			runOnlyForDeploymentPostprocessing = 0;
		};
/* End PBXFrameworksBuildPhase section */

/* Begin PBXGroup section */
		D2650FBB2AC1AD3200264934 /* Views */ = {
			isa = PBXGroup;
			children = (
				D2EB53232AC34E830092F047 /* Main */,
				D2EB53242AC34E8D0092F047 /* Xibs */,
				D2E7C7662ACBED2100608FE8 /* Components */,
			);
			path = Views;
			sourceTree = "<group>";
		};
		D2650FBC2AC1AD4600264934 /* App */ = {
			isa = PBXGroup;
			children = (
				D2D27C192AC1ABC200665E74 /* AppDelegate.swift */,
				D2D27C1B2AC1ABC200665E74 /* SceneDelegate.swift */,
			);
			path = App;
			sourceTree = "<group>";
		};
		D2650FC02AC1ADB500264934 /* Models */ = {
			isa = PBXGroup;
			children = (
				D2650FBE2AC1AD9600264934 /* Movie.swift */,
				D2650FC12AC1C18C00264934 /* Feedback.swift */,
				D2650FD02AC1D19500264934 /* Category.swift */,
			);
			path = Models;
			sourceTree = "<group>";
		};
		D2650FC52AC1C39700264934 /* Services */ = {
			isa = PBXGroup;
			children = (
				D2650FC32AC1C39100264934 /* MoviesDataManager.swift */,
				D2DCEBA72AC2FBE400FFE21A /* MovieImages.swift */,
				D21048642ACAF1800044352B /* Validator.swift */,
			);
			path = Services;
			sourceTree = "<group>";
		};
		D2650FC62AC1C7C700264934 /* Flows */ = {
			isa = PBXGroup;
			children = (
				D2650FCB2AC1C84F00264934 /* MovieTableVC.swift */,
				D25A2A202AC358990043B154 /* DetailVC.swift */,
				D203E2592AC59EED00816BB7 /* LeaveReviewVC.swift */,
				D2E7C7692ACBF1F700608FE8 /* ReviewsTableVC.swift */,
			);
			path = Flows;
			sourceTree = "<group>";
		};
		D2D27C0D2AC1ABC200665E74 = {
			isa = PBXGroup;
			children = (
				D2D27C182AC1ABC200665E74 /* MovieApp */,
				D2D27C172AC1ABC200665E74 /* Products */,
			);
			sourceTree = "<group>";
		};
		D2D27C172AC1ABC200665E74 /* Products */ = {
			isa = PBXGroup;
			children = (
				D2D27C162AC1ABC200665E74 /* MovieApp.app */,
			);
			name = Products;
			sourceTree = "<group>";
		};
		D2D27C182AC1ABC200665E74 /* MovieApp */ = {
			isa = PBXGroup;
			children = (
				D2650FC52AC1C39700264934 /* Services */,
				D2650FC02AC1ADB500264934 /* Models */,
				D2650FBB2AC1AD3200264934 /* Views */,
				D2650FC62AC1C7C700264934 /* Flows */,
				D2D27C222AC1ABC400665E74 /* Assets.xcassets */,
				D2D27C272AC1ABC400665E74 /* Info.plist */,
				D2650FBC2AC1AD4600264934 /* App */,
			);
			path = MovieApp;
			sourceTree = "<group>";
		};
		D2E7C7662ACBED2100608FE8 /* Components */ = {
			isa = PBXGroup;
			children = (
				D2E7C7672ACBED4400608FE8 /* ReviewCell.swift */,
			);
			path = Components;
			sourceTree = "<group>";
		};
		D2EB53232AC34E830092F047 /* Main */ = {
			isa = PBXGroup;
			children = (
				D2D27C1F2AC1ABC200665E74 /* Movies.storyboard */,
				D2D27C242AC1ABC400665E74 /* LaunchScreen.storyboard */,
			);
			path = Main;
			sourceTree = "<group>";
		};
		D2EB53242AC34E8D0092F047 /* Xibs */ = {
			isa = PBXGroup;
			children = (
				D2650FC82AC1C7EB00264934 /* MovieCell.xib */,
				D2650FC72AC1C7EB00264934 /* MovieCell.swift */,
			);
			path = Xibs;
			sourceTree = "<group>";
		};
/* End PBXGroup section */

/* Begin PBXNativeTarget section */
		D2D27C152AC1ABC200665E74 /* MovieApp */ = {
			isa = PBXNativeTarget;
			buildConfigurationList = D2D27C2A2AC1ABC400665E74 /* Build configuration list for PBXNativeTarget "MovieApp" */;
			buildPhases = (
				D2D27C122AC1ABC200665E74 /* Sources */,
				D2D27C132AC1ABC200665E74 /* Frameworks */,
				D2D27C142AC1ABC200665E74 /* Resources */,
			);
			buildRules = (
			);
			dependencies = (
			);
			name = MovieApp;
			productName = MovieApp;
			productReference = D2D27C162AC1ABC200665E74 /* MovieApp.app */;
			productType = "com.apple.product-type.application";
		};
/* End PBXNativeTarget section */

/* Begin PBXProject section */
		D2D27C0E2AC1ABC200665E74 /* Project object */ = {
			isa = PBXProject;
			attributes = {
				BuildIndependentTargetsInParallel = 1;
				LastSwiftUpdateCheck = 1430;
				LastUpgradeCheck = 1430;
				TargetAttributes = {
					D2D27C152AC1ABC200665E74 = {
						CreatedOnToolsVersion = 14.3;
					};
				};
			};
			buildConfigurationList = D2D27C112AC1ABC200665E74 /* Build configuration list for PBXProject "MovieApp" */;
			compatibilityVersion = "Xcode 14.0";
			developmentRegion = en;
			hasScannedForEncodings = 0;
			knownRegions = (
				en,
				Base,
			);
			mainGroup = D2D27C0D2AC1ABC200665E74;
			productRefGroup = D2D27C172AC1ABC200665E74 /* Products */;
			projectDirPath = "";
			projectRoot = "";
			targets = (
				D2D27C152AC1ABC200665E74 /* MovieApp */,
			);
		};
/* End PBXProject section */

/* Begin PBXResourcesBuildPhase section */
		D2D27C142AC1ABC200665E74 /* Resources */ = {
			isa = PBXResourcesBuildPhase;
			buildActionMask = 2147483647;
			files = (
				D2D27C262AC1ABC400665E74 /* LaunchScreen.storyboard in Resources */,
				D2D27C232AC1ABC400665E74 /* Assets.xcassets in Resources */,
				D2650FCA2AC1C7EB00264934 /* MovieCell.xib in Resources */,
				D2D27C212AC1ABC200665E74 /* Movies.storyboard in Resources */,
			);
			runOnlyForDeploymentPostprocessing = 0;
		};
/* End PBXResourcesBuildPhase section */

/* Begin PBXSourcesBuildPhase section */
		D2D27C122AC1ABC200665E74 /* Sources */ = {
			isa = PBXSourcesBuildPhase;
			buildActionMask = 2147483647;
			files = (
				D2650FC42AC1C39100264934 /* MoviesDataManager.swift in Sources */,
				D2E7C76A2ACBF1F700608FE8 /* ReviewsTableVC.swift in Sources */,
				D2D27C1A2AC1ABC200665E74 /* AppDelegate.swift in Sources */,
				D2650FC92AC1C7EB00264934 /* MovieCell.swift in Sources */,
				D2D27C1C2AC1ABC200665E74 /* SceneDelegate.swift in Sources */,
				D21048652ACAF1800044352B /* Validator.swift in Sources */,
				D2E7C7682ACBED4400608FE8 /* ReviewCell.swift in Sources */,
				D2650FC22AC1C18C00264934 /* Feedback.swift in Sources */,
				D203E25A2AC59EED00816BB7 /* LeaveReviewVC.swift in Sources */,
				D25A2A212AC358990043B154 /* DetailVC.swift in Sources */,
				D2DCEBA82AC2FBE400FFE21A /* MovieImages.swift in Sources */,
				D2650FCC2AC1C84F00264934 /* MovieTableVC.swift in Sources */,
				D2650FBF2AC1AD9600264934 /* Movie.swift in Sources */,
				D2650FD12AC1D19500264934 /* Category.swift in Sources */,
			);
			runOnlyForDeploymentPostprocessing = 0;
		};
/* End PBXSourcesBuildPhase section */

/* Begin PBXVariantGroup section */
		D2D27C1F2AC1ABC200665E74 /* Movies.storyboard */ = {
			isa = PBXVariantGroup;
			children = (
				D2D27C202AC1ABC200665E74 /* Base */,
			);
			name = Movies.storyboard;
			sourceTree = "<group>";
		};
		D2D27C242AC1ABC400665E74 /* LaunchScreen.storyboard */ = {
			isa = PBXVariantGroup;
			children = (
				D2D27C252AC1ABC400665E74 /* Base */,
			);
			name = LaunchScreen.storyboard;
			sourceTree = "<group>";
		};
/* End PBXVariantGroup section */

/* Begin XCBuildConfiguration section */
		D2D27C282AC1ABC400665E74 /* Debug */ = {
			isa = XCBuildConfiguration;
			buildSettings = {
				ALWAYS_SEARCH_USER_PATHS = NO;
				CLANG_ANALYZER_NONNULL = YES;
				CLANG_ANALYZER_NUMBER_OBJECT_CONVERSION = YES_AGGRESSIVE;
				CLANG_CXX_LANGUAGE_STANDARD = "gnu++20";
				CLANG_ENABLE_MODULES = YES;
				CLANG_ENABLE_OBJC_ARC = YES;
				CLANG_ENABLE_OBJC_WEAK = YES;
				CLANG_WARN_BLOCK_CAPTURE_AUTORELEASING = YES;
				CLANG_WARN_BOOL_CONVERSION = YES;
				CLANG_WARN_COMMA = YES;
				CLANG_WARN_CONSTANT_CONVERSION = YES;
				CLANG_WARN_DEPRECATED_OBJC_IMPLEMENTATIONS = YES;
				CLANG_WARN_DIRECT_OBJC_ISA_USAGE = YES_ERROR;
				CLANG_WARN_DOCUMENTATION_COMMENTS = YES;
				CLANG_WARN_EMPTY_BODY = YES;
				CLANG_WARN_ENUM_CONVERSION = YES;
				CLANG_WARN_INFINITE_RECURSION = YES;
				CLANG_WARN_INT_CONVERSION = YES;
				CLANG_WARN_NON_LITERAL_NULL_CONVERSION = YES;
				CLANG_WARN_OBJC_IMPLICIT_RETAIN_SELF = YES;
				CLANG_WARN_OBJC_LITERAL_CONVERSION = YES;
				CLANG_WARN_OBJC_ROOT_CLASS = YES_ERROR;
				CLANG_WARN_QUOTED_INCLUDE_IN_FRAMEWORK_HEADER = YES;
				CLANG_WARN_RANGE_LOOP_ANALYSIS = YES;
				CLANG_WARN_STRICT_PROTOTYPES = YES;
				CLANG_WARN_SUSPICIOUS_MOVE = YES;
				CLANG_WARN_UNGUARDED_AVAILABILITY = YES_AGGRESSIVE;
				CLANG_WARN_UNREACHABLE_CODE = YES;
				CLANG_WARN__DUPLICATE_METHOD_MATCH = YES;
				COPY_PHASE_STRIP = NO;
				DEBUG_INFORMATION_FORMAT = dwarf;
				ENABLE_STRICT_OBJC_MSGSEND = YES;
				ENABLE_TESTABILITY = YES;
				GCC_C_LANGUAGE_STANDARD = gnu11;
				GCC_DYNAMIC_NO_PIC = NO;
				GCC_NO_COMMON_BLOCKS = YES;
				GCC_OPTIMIZATION_LEVEL = 0;
				GCC_PREPROCESSOR_DEFINITIONS = (
					"DEBUG=1",
					"$(inherited)",
				);
				GCC_WARN_64_TO_32_BIT_CONVERSION = YES;
				GCC_WARN_ABOUT_RETURN_TYPE = YES_ERROR;
				GCC_WARN_UNDECLARED_SELECTOR = YES;
				GCC_WARN_UNINITIALIZED_AUTOS = YES_AGGRESSIVE;
				GCC_WARN_UNUSED_FUNCTION = YES;
				GCC_WARN_UNUSED_VARIABLE = YES;
				IPHONEOS_DEPLOYMENT_TARGET = 16.4;
				MTL_ENABLE_DEBUG_INFO = INCLUDE_SOURCE;
				MTL_FAST_MATH = YES;
				ONLY_ACTIVE_ARCH = YES;
				SDKROOT = iphoneos;
				SWIFT_ACTIVE_COMPILATION_CONDITIONS = DEBUG;
				SWIFT_OPTIMIZATION_LEVEL = "-Onone";
			};
			name = Debug;
		};
		D2D27C292AC1ABC400665E74 /* Release */ = {
			isa = XCBuildConfiguration;
			buildSettings = {
				ALWAYS_SEARCH_USER_PATHS = NO;
				CLANG_ANALYZER_NONNULL = YES;
				CLANG_ANALYZER_NUMBER_OBJECT_CONVERSION = YES_AGGRESSIVE;
				CLANG_CXX_LANGUAGE_STANDARD = "gnu++20";
				CLANG_ENABLE_MODULES = YES;
				CLANG_ENABLE_OBJC_ARC = YES;
				CLANG_ENABLE_OBJC_WEAK = YES;
				CLANG_WARN_BLOCK_CAPTURE_AUTORELEASING = YES;
				CLANG_WARN_BOOL_CONVERSION = YES;
				CLANG_WARN_COMMA = YES;
				CLANG_WARN_CONSTANT_CONVERSION = YES;
				CLANG_WARN_DEPRECATED_OBJC_IMPLEMENTATIONS = YES;
				CLANG_WARN_DIRECT_OBJC_ISA_USAGE = YES_ERROR;
				CLANG_WARN_DOCUMENTATION_COMMENTS = YES;
				CLANG_WARN_EMPTY_BODY = YES;
				CLANG_WARN_ENUM_CONVERSION = YES;
				CLANG_WARN_INFINITE_RECURSION = YES;
				CLANG_WARN_INT_CONVERSION = YES;
				CLANG_WARN_NON_LITERAL_NULL_CONVERSION = YES;
				CLANG_WARN_OBJC_IMPLICIT_RETAIN_SELF = YES;
				CLANG_WARN_OBJC_LITERAL_CONVERSION = YES;
				CLANG_WARN_OBJC_ROOT_CLASS = YES_ERROR;
				CLANG_WARN_QUOTED_INCLUDE_IN_FRAMEWORK_HEADER = YES;
				CLANG_WARN_RANGE_LOOP_ANALYSIS = YES;
				CLANG_WARN_STRICT_PROTOTYPES = YES;
				CLANG_WARN_SUSPICIOUS_MOVE = YES;
				CLANG_WARN_UNGUARDED_AVAILABILITY = YES_AGGRESSIVE;
				CLANG_WARN_UNREACHABLE_CODE = YES;
				CLANG_WARN__DUPLICATE_METHOD_MATCH = YES;
				COPY_PHASE_STRIP = NO;
				DEBUG_INFORMATION_FORMAT = "dwarf-with-dsym";
				ENABLE_NS_ASSERTIONS = NO;
				ENABLE_STRICT_OBJC_MSGSEND = YES;
				GCC_C_LANGUAGE_STANDARD = gnu11;
				GCC_NO_COMMON_BLOCKS = YES;
				GCC_WARN_64_TO_32_BIT_CONVERSION = YES;
				GCC_WARN_ABOUT_RETURN_TYPE = YES_ERROR;
				GCC_WARN_UNDECLARED_SELECTOR = YES;
				GCC_WARN_UNINITIALIZED_AUTOS = YES_AGGRESSIVE;
				GCC_WARN_UNUSED_FUNCTION = YES;
				GCC_WARN_UNUSED_VARIABLE = YES;
				IPHONEOS_DEPLOYMENT_TARGET = 16.4;
				MTL_ENABLE_DEBUG_INFO = NO;
				MTL_FAST_MATH = YES;
				SDKROOT = iphoneos;
				SWIFT_COMPILATION_MODE = wholemodule;
				SWIFT_OPTIMIZATION_LEVEL = "-O";
				VALIDATE_PRODUCT = YES;
			};
			name = Release;
		};
		D2D27C2B2AC1ABC400665E74 /* Debug */ = {
			isa = XCBuildConfiguration;
			buildSettings = {
				ASSETCATALOG_COMPILER_APPICON_NAME = AppIcon;
				ASSETCATALOG_COMPILER_GLOBAL_ACCENT_COLOR_NAME = AccentColor;
				CODE_SIGN_STYLE = Automatic;
				CURRENT_PROJECT_VERSION = 1;
				DEVELOPMENT_TEAM = T375P5HL3R;
				GENERATE_INFOPLIST_FILE = YES;
				INFOPLIST_FILE = MovieApp/Info.plist;
				INFOPLIST_KEY_UIApplicationSupportsIndirectInputEvents = YES;
				INFOPLIST_KEY_UILaunchStoryboardName = LaunchScreen;
				INFOPLIST_KEY_UIMainStoryboardFile = Movies;
				INFOPLIST_KEY_UISupportedInterfaceOrientations = UIInterfaceOrientationPortrait;
				INFOPLIST_KEY_UISupportedInterfaceOrientations_iPad = "UIInterfaceOrientationLandscapeLeft UIInterfaceOrientationLandscapeRight UIInterfaceOrientationPortrait UIInterfaceOrientationPortraitUpsideDown";
				LD_RUNPATH_SEARCH_PATHS = (
					"$(inherited)",
					"@executable_path/Frameworks",
				);
				MARKETING_VERSION = 1.0;
				PRODUCT_BUNDLE_IDENTIFIER = alamakota.MovieApp;
				PRODUCT_NAME = "$(TARGET_NAME)";
				SWIFT_EMIT_LOC_STRINGS = YES;
				SWIFT_VERSION = 5.0;
				TARGETED_DEVICE_FAMILY = "1,2";
			};
			name = Debug;
		};
		D2D27C2C2AC1ABC400665E74 /* Release */ = {
			isa = XCBuildConfiguration;
			buildSettings = {
				ASSETCATALOG_COMPILER_APPICON_NAME = AppIcon;
				ASSETCATALOG_COMPILER_GLOBAL_ACCENT_COLOR_NAME = AccentColor;
				CODE_SIGN_STYLE = Automatic;
				CURRENT_PROJECT_VERSION = 1;
				DEVELOPMENT_TEAM = T375P5HL3R;
				GENERATE_INFOPLIST_FILE = YES;
				INFOPLIST_FILE = MovieApp/Info.plist;
				INFOPLIST_KEY_UIApplicationSupportsIndirectInputEvents = YES;
				INFOPLIST_KEY_UILaunchStoryboardName = LaunchScreen;
				INFOPLIST_KEY_UIMainStoryboardFile = Movies;
				INFOPLIST_KEY_UISupportedInterfaceOrientations = UIInterfaceOrientationPortrait;
				INFOPLIST_KEY_UISupportedInterfaceOrientations_iPad = "UIInterfaceOrientationLandscapeLeft UIInterfaceOrientationLandscapeRight UIInterfaceOrientationPortrait UIInterfaceOrientationPortraitUpsideDown";
				LD_RUNPATH_SEARCH_PATHS = (
					"$(inherited)",
					"@executable_path/Frameworks",
				);
				MARKETING_VERSION = 1.0;
				PRODUCT_BUNDLE_IDENTIFIER = alamakota.MovieApp;
				PRODUCT_NAME = "$(TARGET_NAME)";
				SWIFT_EMIT_LOC_STRINGS = YES;
				SWIFT_VERSION = 5.0;
				TARGETED_DEVICE_FAMILY = "1,2";
			};
			name = Release;
		};
/* End XCBuildConfiguration section */

/* Begin XCConfigurationList section */
		D2D27C112AC1ABC200665E74 /* Build configuration list for PBXProject "MovieApp" */ = {
			isa = XCConfigurationList;
			buildConfigurations = (
				D2D27C282AC1ABC400665E74 /* Debug */,
				D2D27C292AC1ABC400665E74 /* Release */,
			);
			defaultConfigurationIsVisible = 0;
			defaultConfigurationName = Release;
		};
		D2D27C2A2AC1ABC400665E74 /* Build configuration list for PBXNativeTarget "MovieApp" */ = {
			isa = XCConfigurationList;
			buildConfigurations = (
				D2D27C2B2AC1ABC400665E74 /* Debug */,
				D2D27C2C2AC1ABC400665E74 /* Release */,
			);
			defaultConfigurationIsVisible = 0;
			defaultConfigurationName = Release;
		};
/* End XCConfigurationList section */
	};
	rootObject = D2D27C0E2AC1ABC200665E74 /* Project object */;
}
